
Microsoft Visual Studio Solution File, Format Version 12.00
# Visual Studio 2013
VisualStudioVersion = 12.0.21005.1
MinimumVisualStudioVersion = 10.0.40219.1
Project("{2150E333-8FDC-42A3-9474-1A3956D46DE8}") = "0 - Presentation", "0 - Presentation", "{6FAECE3B-194C-42E6-A660-346F51FF7B09}"
EndProject
Project("{2150E333-8FDC-42A3-9474-1A3956D46DE8}") = "2 - Application", "2 - Application", "{3DD7523B-0776-4911-89CA-7DE05A7E81F9}"
EndProject
Project("{2150E333-8FDC-42A3-9474-1A3956D46DE8}") = "3 - Domain", "3 - Domain", "{C2B8D8D2-B90B-42CC-8B3B-2BC3E5D0F0EC}"
EndProject
Project("{2150E333-8FDC-42A3-9474-1A3956D46DE8}") = "4 - Infra", "4 - Infra", "{50E7A833-16DE-49A7-B849-E1A86909C8F9}"
EndProject
Project("{2150E333-8FDC-42A3-9474-1A3956D46DE8}") = "4.1 - Data", "4.1 - Data", "{70CE68B5-5282-4764-ADF4-F5DAB241BAB4}"
EndProject
Project("{2150E333-8FDC-42A3-9474-1A3956D46DE8}") = "4.2 - CrossCutting", "4.2 - CrossCutting", "{E9B87B0C-BF28-4ECA-A02B-3BCB1DDCD324}"
EndProject
Project("{FAE04EC0-301F-11D3-BF4B-00C04F79EFBC}") = "GestaoDDD.MVC", "GestaoDDD.MVC\GestaoDDD.MVC.csproj", "{B42D8F2C-BB21-446D-AA22-E1B6F5FB0CD0}"
EndProject
Project("{FAE04EC0-301F-11D3-BF4B-00C04F79EFBC}") = "GestaoDDD.Application", "GestaoDDD.Application\GestaoDDD.Application.csproj", "{0BF52A42-2BAF-4AE0-BFBD-FC2EF1185EE8}"
EndProject
Project("{FAE04EC0-301F-11D3-BF4B-00C04F79EFBC}") = "GestaoDDD.Domain", "GestaoDDD.Domain\GestaoDDD.Domain.csproj", "{BDB34E47-03FA-4B92-8E26-589F14E9C512}"
EndProject
Project("{FAE04EC0-301F-11D3-BF4B-00C04F79EFBC}") = "GestaoDDD.Infra.Data", "GestaoDDD.Infra.Data\GestaoDDD.Infra.Data.csproj", "{55A07FF1-137A-4FA1-AC2C-6A02AC82A29A}"
EndProject
Project("{2150E333-8FDC-42A3-9474-1A3956D46DE8}") = "4.2.1 - Identity", "4.2.1 - Identity", "{84BD5279-6C9A-4240-B021-C43FD3A64E4E}"
EndProject
Project("{FAE04EC0-301F-11D3-BF4B-00C04F79EFBC}") = "GestaoDDD.Infra.Identity", "GestaoDDD.Infra.Identity\GestaoDDD.Infra.Identity.csproj", "{444F7097-3697-4248-A9D3-9FEFDD60B9AE}"
EndProject
Project("{FAE04EC0-301F-11D3-BF4B-00C04F79EFBC}") = "GestaoDDD.Infra.IoC", "GestaoDDD.Infra.IoC\GestaoDDD.Infra.IoC.csproj", "{644C98A9-DE1F-4300-ABA2-D9BD450D6D6F}"
EndProject
Global
	GlobalSection(SolutionConfigurationPlatforms) = preSolution
		Debug|Any CPU = Debug|Any CPU
		Release|Any CPU = Release|Any CPU
	EndGlobalSection
	GlobalSection(ProjectConfigurationPlatforms) = postSolution
		{B42D8F2C-BB21-446D-AA22-E1B6F5FB0CD0}.Debug|Any CPU.ActiveCfg = Debug|Any CPU
		{B42D8F2C-BB21-446D-AA22-E1B6F5FB0CD0}.Debug|Any CPU.Build.0 = Debug|Any CPU
		{B42D8F2C-BB21-446D-AA22-E1B6F5FB0CD0}.Release|Any CPU.ActiveCfg = Release|Any CPU
		{B42D8F2C-BB21-446D-AA22-E1B6F5FB0CD0}.Release|Any CPU.Build.0 = Release|Any CPU
		{0BF52A42-2BAF-4AE0-BFBD-FC2EF1185EE8}.Debug|Any CPU.ActiveCfg = Debug|Any CPU
		{0BF52A42-2BAF-4AE0-BFBD-FC2EF1185EE8}.Debug|Any CPU.Build.0 = Debug|Any CPU
		{0BF52A42-2BAF-4AE0-BFBD-FC2EF1185EE8}.Release|Any CPU.ActiveCfg = Release|Any CPU
		{0BF52A42-2BAF-4AE0-BFBD-FC2EF1185EE8}.Release|Any CPU.Build.0 = Release|Any CPU
		{BDB34E47-03FA-4B92-8E26-589F14E9C512}.Debug|Any CPU.ActiveCfg = Debug|Any CPU
		{BDB34E47-03FA-4B92-8E26-589F14E9C512}.Debug|Any CPU.Build.0 = Debug|Any CPU
		{BDB34E47-03FA-4B92-8E26-589F14E9C512}.Release|Any CPU.ActiveCfg = Release|Any CPU
		{BDB34E47-03FA-4B92-8E26-589F14E9C512}.Release|Any CPU.Build.0 = Release|Any CPU
		{55A07FF1-137A-4FA1-AC2C-6A02AC82A29A}.Debug|Any CPU.ActiveCfg = Debug|Any CPU
		{55A07FF1-137A-4FA1-AC2C-6A02AC82A29A}.Debug|Any CPU.Build.0 = Debug|Any CPU
		{55A07FF1-137A-4FA1-AC2C-6A02AC82A29A}.Release|Any CPU.ActiveCfg = Release|Any CPU
		{55A07FF1-137A-4FA1-AC2C-6A02AC82A29A}.Release|Any CPU.Build.0 = Release|Any CPU
		{444F7097-3697-4248-A9D3-9FEFDD60B9AE}.Debug|Any CPU.ActiveCfg = Debug|Any CPU
		{444F7097-3697-4248-A9D3-9FEFDD60B9AE}.Debug|Any CPU.Build.0 = Debug|Any CPU
		{444F7097-3697-4248-A9D3-9FEFDD60B9AE}.Release|Any CPU.ActiveCfg = Release|Any CPU
		{444F7097-3697-4248-A9D3-9FEFDD60B9AE}.Release|Any CPU.Build.0 = Release|Any CPU
		{644C98A9-DE1F-4300-ABA2-D9BD450D6D6F}.Debug|Any CPU.ActiveCfg = Debug|Any CPU
		{644C98A9-DE1F-4300-ABA2-D9BD450D6D6F}.Debug|Any CPU.Build.0 = Debug|Any CPU
		{644C98A9-DE1F-4300-ABA2-D9BD450D6D6F}.Release|Any CPU.ActiveCfg = Release|Any CPU
		{644C98A9-DE1F-4300-ABA2-D9BD450D6D6F}.Release|Any CPU.Build.0 = Release|Any CPU
	EndGlobalSection
	GlobalSection(SolutionProperties) = preSolution
		HideSolutionNode = FALSE
	EndGlobalSection
	GlobalSection(NestedProjects) = preSolution
		{B42D8F2C-BB21-446D-AA22-E1B6F5FB0CD0} = {6FAECE3B-194C-42E6-A660-346F51FF7B09}
		{0BF52A42-2BAF-4AE0-BFBD-FC2EF1185EE8} = {3DD7523B-0776-4911-89CA-7DE05A7E81F9}
		{BDB34E47-03FA-4B92-8E26-589F14E9C512} = {C2B8D8D2-B90B-42CC-8B3B-2BC3E5D0F0EC}
		{70CE68B5-5282-4764-ADF4-F5DAB241BAB4} = {50E7A833-16DE-49A7-B849-E1A86909C8F9}
		{E9B87B0C-BF28-4ECA-A02B-3BCB1DDCD324} = {50E7A833-16DE-49A7-B849-E1A86909C8F9}
		{55A07FF1-137A-4FA1-AC2C-6A02AC82A29A} = {70CE68B5-5282-4764-ADF4-F5DAB241BAB4}
		{84BD5279-6C9A-4240-B021-C43FD3A64E4E} = {E9B87B0C-BF28-4ECA-A02B-3BCB1DDCD324}
		{444F7097-3697-4248-A9D3-9FEFDD60B9AE} = {84BD5279-6C9A-4240-B021-C43FD3A64E4E}
		{644C98A9-DE1F-4300-ABA2-D9BD450D6D6F} = {84BD5279-6C9A-4240-B021-C43FD3A64E4E}
	EndGlobalSection
EndGlobal
